
Microsoft Visual Studio Solution File, Format Version 12.00
# Visual Studio Version 16
VisualStudioVersion = 16.0.32002.261
MinimumVisualStudioVersion = 10.0.40219.1
Project("{FAE04EC0-301F-11D3-BF4B-00C04F79EFBC}") = "DezvoltareaAplicatiilorWeb", "DezvoltareaAplicatiilorWeb.csproj", "{4C2074E6-144E-4C83-859F-EFCF3A2FC745}"
EndProject
Global
	GlobalSection(SolutionConfigurationPlatforms) = preSolution
		Debug|Any CPU = Debug|Any CPU
		Release|Any CPU = Release|Any CPU
	EndGlobalSection
	GlobalSection(ProjectConfigurationPlatforms) = postSolution
		{4C2074E6-144E-4C83-859F-EFCF3A2FC745}.Debug|Any CPU.ActiveCfg = Debug|Any CPU
		{4C2074E6-144E-4C83-859F-EFCF3A2FC745}.Debug|Any CPU.Build.0 = Debug|Any CPU
		{4C2074E6-144E-4C83-859F-EFCF3A2FC745}.Release|Any CPU.ActiveCfg = Release|Any CPU
		{4C2074E6-144E-4C83-859F-EFCF3A2FC745}.Release|Any CPU.Build.0 = Release|Any CPU
	EndGlobalSection
	GlobalSection(SolutionProperties) = preSolution
		HideSolutionNode = FALSE
	EndGlobalSection
	GlobalSection(ExtensibilityGlobals) = postSolution
		SolutionGuid = {05F9722C-C984-4077-8281-E13732621C6C}
	EndGlobalSection
EndGlobal
